// !$*UTF8*$!
{
	archiveVersion = 1;
	classes = {
	};
	objectVersion = 56;
	objects = {

/* Begin PBXBuildFile section */
		2B2A776D2974FAA800B5BA9A /* AppDelegate.m in Sources */ = {isa = PBXBuildFile; fileRef = 2B2A776C2974FAA800B5BA9A /* AppDelegate.m */; };
		2B2A77702974FAA800B5BA9A /* SceneDelegate.m in Sources */ = {isa = PBXBuildFile; fileRef = 2B2A776F2974FAA800B5BA9A /* SceneDelegate.m */; };
		2B2A77732974FAA800B5BA9A /* ViewController.m in Sources */ = {isa = PBXBuildFile; fileRef = 2B2A77722974FAA800B5BA9A /* ViewController.m */; };
		2B2A77762974FAA800B5BA9A /* Main.storyboard in Resources */ = {isa = PBXBuildFile; fileRef = 2B2A77742974FAA800B5BA9A /* Main.storyboard */; };
		2B2A77782974FAAA00B5BA9A /* Assets.xcassets in Resources */ = {isa = PBXBuildFile; fileRef = 2B2A77772974FAAA00B5BA9A /* Assets.xcassets */; };
		2B2A777B2974FAAA00B5BA9A /* LaunchScreen.storyboard in Resources */ = {isa = PBXBuildFile; fileRef = 2B2A77792974FAAA00B5BA9A /* LaunchScreen.storyboard */; };
		2B2A777E2974FAAA00B5BA9A /* main.m in Sources */ = {isa = PBXBuildFile; fileRef = 2B2A777D2974FAAA00B5BA9A /* main.m */; };
		2B2A77872974FB0600B5BA9A /* NSObject+FRRuntimeAdditions.m in Sources */ = {isa = PBXBuildFile; fileRef = 2B2A77852974FB0600B5BA9A /* NSObject+FRRuntimeAdditions.m */; };
		2B2A778A2974FB2600B5BA9A /* UIButton+Edge.m in Sources */ = {isa = PBXBuildFile; fileRef = 2B2A77892974FB2600B5BA9A /* UIButton+Edge.m */; };
		2B2A778D2974FB3800B5BA9A /* UIView+Edge.m in Sources */ = {isa = PBXBuildFile; fileRef = 2B2A778C2974FB3800B5BA9A /* UIView+Edge.m */; };
/* End PBXBuildFile section */

/* Begin PBXFileReference section */
		2B2A77682974FAA800B5BA9A /* SwizzleDemo.app */ = {isa = PBXFileReference; explicitFileType = wrapper.application; includeInIndex = 0; path = SwizzleDemo.app; sourceTree = BUILT_PRODUCTS_DIR; };
		2B2A776B2974FAA800B5BA9A /* AppDelegate.h */ = {isa = PBXFileReference; lastKnownFileType = sourcecode.c.h; path = AppDelegate.h; sourceTree = "<group>"; };
		2B2A776C2974FAA800B5BA9A /* AppDelegate.m */ = {isa = PBXFileReference; lastKnownFileType = sourcecode.c.objc; path = AppDelegate.m; sourceTree = "<group>"; };
		2B2A776E2974FAA800B5BA9A /* SceneDelegate.h */ = {isa = PBXFileReference; lastKnownFileType = sourcecode.c.h; path = SceneDelegate.h; sourceTree = "<group>"; };
		2B2A776F2974FAA800B5BA9A /* SceneDelegate.m */ = {isa = PBXFileReference; lastKnownFileType = sourcecode.c.objc; path = SceneDelegate.m; sourceTree = "<group>"; };
		2B2A77712974FAA800B5BA9A /* ViewController.h */ = {isa = PBXFileReference; lastKnownFileType = sourcecode.c.h; path = ViewController.h; sourceTree = "<group>"; };
		2B2A77722974FAA800B5BA9A /* ViewController.m */ = {isa = PBXFileReference; lastKnownFileType = sourcecode.c.objc; path = ViewController.m; sourceTree = "<group>"; };
		2B2A77752974FAA800B5BA9A /* Base */ = {isa = PBXFileReference; lastKnownFileType = file.storyboard; name = Base; path = Base.lproj/Main.storyboard; sourceTree = "<group>"; };
		2B2A77772974FAAA00B5BA9A /* Assets.xcassets */ = {isa = PBXFileReference; lastKnownFileType = folder.assetcatalog; path = Assets.xcassets; sourceTree = "<group>"; };
		2B2A777A2974FAAA00B5BA9A /* Base */ = {isa = PBXFileReference; lastKnownFileType = file.storyboard; name = Base; path = Base.lproj/LaunchScreen.storyboard; sourceTree = "<group>"; };
		2B2A777C2974FAAA00B5BA9A /* Info.plist */ = {isa = PBXFileReference; lastKnownFileType = text.plist.xml; path = Info.plist; sourceTree = "<group>"; };
		2B2A777D2974FAAA00B5BA9A /* main.m */ = {isa = PBXFileReference; lastKnownFileType = sourcecode.c.objc; path = main.m; sourceTree = "<group>"; };
		2B2A77852974FB0600B5BA9A /* NSObject+FRRuntimeAdditions.m */ = {isa = PBXFileReference; fileEncoding = 4; lastKnownFileType = sourcecode.c.objc; path = "NSObject+FRRuntimeAdditions.m"; sourceTree = "<group>"; };
		2B2A77862974FB0600B5BA9A /* NSObject+FRRuntimeAdditions.h */ = {isa = PBXFileReference; fileEncoding = 4; lastKnownFileType = sourcecode.c.h; path = "NSObject+FRRuntimeAdditions.h"; sourceTree = "<group>"; };
		2B2A77882974FB2600B5BA9A /* UIButton+Edge.h */ = {isa = PBXFileReference; lastKnownFileType = sourcecode.c.h; path = "UIButton+Edge.h"; sourceTree = "<group>"; };
		2B2A77892974FB2600B5BA9A /* UIButton+Edge.m */ = {isa = PBXFileReference; lastKnownFileType = sourcecode.c.objc; path = "UIButton+Edge.m"; sourceTree = "<group>"; };
		2B2A778B2974FB3800B5BA9A /* UIView+Edge.h */ = {isa = PBXFileReference; lastKnownFileType = sourcecode.c.h; path = "UIView+Edge.h"; sourceTree = "<group>"; };
		2B2A778C2974FB3800B5BA9A /* UIView+Edge.m */ = {isa = PBXFileReference; lastKnownFileType = sourcecode.c.objc; path = "UIView+Edge.m"; sourceTree = "<group>"; };
/* End PBXFileReference section */

/* Begin PBXFrameworksBuildPhase section */
		2B2A77652974FAA800B5BA9A /* Frameworks */ = {
			isa = PBXFrameworksBuildPhase;
			buildActionMask = 2147483647;
			files = (
			);
			runOnlyForDeploymentPostprocessing = 0;
		};
/* End PBXFrameworksBuildPhase section */

/* Begin PBXGroup section */
		2B2A775F2974FAA800B5BA9A = {
			isa = PBXGroup;
			children = (
				2B2A776A2974FAA800B5BA9A /* SwizzleDemo */,
				2B2A77692974FAA800B5BA9A /* Products */,
			);
			sourceTree = "<group>";
		};
		2B2A77692974FAA800B5BA9A /* Products */ = {
			isa = PBXGroup;
			children = (
				2B2A77682974FAA800B5BA9A /* SwizzleDemo.app */,
			);
			name = Products;
			sourceTree = "<group>";
		};
		2B2A776A2974FAA800B5BA9A /* SwizzleDemo */ = {
			isa = PBXGroup;
			children = (
				2B2A77842974FADA00B5BA9A /* Source */,
				2B2A776B2974FAA800B5BA9A /* AppDelegate.h */,
				2B2A776C2974FAA800B5BA9A /* AppDelegate.m */,
				2B2A776E2974FAA800B5BA9A /* SceneDelegate.h */,
				2B2A776F2974FAA800B5BA9A /* SceneDelegate.m */,
				2B2A77712974FAA800B5BA9A /* ViewController.h */,
				2B2A77722974FAA800B5BA9A /* ViewController.m */,
				2B2A77742974FAA800B5BA9A /* Main.storyboard */,
				2B2A77772974FAAA00B5BA9A /* Assets.xcassets */,
				2B2A77792974FAAA00B5BA9A /* LaunchScreen.storyboard */,
				2B2A777C2974FAAA00B5BA9A /* Info.plist */,
				2B2A777D2974FAAA00B5BA9A /* main.m */,
			);
			path = SwizzleDemo;
			sourceTree = "<group>";
		};
		2B2A77842974FADA00B5BA9A /* Source */ = {
			isa = PBXGroup;
			children = (
				2B2A77862974FB0600B5BA9A /* NSObject+FRRuntimeAdditions.h */,
				2B2A77852974FB0600B5BA9A /* NSObject+FRRuntimeAdditions.m */,
				2B2A778B2974FB3800B5BA9A /* UIView+Edge.h */,
				2B2A778C2974FB3800B5BA9A /* UIView+Edge.m */,
				2B2A77882974FB2600B5BA9A /* UIButton+Edge.h */,
				2B2A77892974FB2600B5BA9A /* UIButton+Edge.m */,
			);
			path = Source;
			sourceTree = "<group>";
		};
/* End PBXGroup section */

/* Begin PBXNativeTarget section */
		2B2A77672974FAA800B5BA9A /* SwizzleDemo */ = {
			isa = PBXNativeTarget;
			buildConfigurationList = 2B2A77812974FAAA00B5BA9A /* Build configuration list for PBXNativeTarget "SwizzleDemo" */;
			buildPhases = (
				2B2A77642974FAA800B5BA9A /* Sources */,
				2B2A77652974FAA800B5BA9A /* Frameworks */,
				2B2A77662974FAA800B5BA9A /* Resources */,
			);
			buildRules = (
			);
			dependencies = (
			);
			name = SwizzleDemo;
			productName = SwizzleDemo;
			productReference = 2B2A77682974FAA800B5BA9A /* SwizzleDemo.app */;
			productType = "com.apple.product-type.application";
		};
/* End PBXNativeTarget section */

/* Begin PBXProject section */
		2B2A77602974FAA800B5BA9A /* Project object */ = {
			isa = PBXProject;
			attributes = {
				BuildIndependentTargetsInParallel = 1;
				LastUpgradeCheck = 1420;
				TargetAttributes = {
					2B2A77672974FAA800B5BA9A = {
						CreatedOnToolsVersion = 14.2;
					};
				};
			};
			buildConfigurationList = 2B2A77632974FAA800B5BA9A /* Build configuration list for PBXProject "SwizzleDemo" */;
			compatibilityVersion = "Xcode 14.0";
			developmentRegion = en;
			hasScannedForEncodings = 0;
			knownRegions = (
				en,
				Base,
			);
			mainGroup = 2B2A775F2974FAA800B5BA9A;
			productRefGroup = 2B2A77692974FAA800B5BA9A /* Products */;
			projectDirPath = "";
			projectRoot = "";
			targets = (
				2B2A77672974FAA800B5BA9A /* SwizzleDemo */,
			);
		};
/* End PBXProject section */

/* Begin PBXResourcesBuildPhase section */
		2B2A77662974FAA800B5BA9A /* Resources */ = {
			isa = PBXResourcesBuildPhase;
			buildActionMask = 2147483647;
			files = (
				2B2A777B2974FAAA00B5BA9A /* LaunchScreen.storyboard in Resources */,
				2B2A77782974FAAA00B5BA9A /* Assets.xcassets in Resources */,
				2B2A77762974FAA800B5BA9A /* Main.storyboard in Resources */,
			);
			runOnlyForDeploymentPostprocessing = 0;
		};
/* End PBXResourcesBuildPhase section */

/* Begin PBXSourcesBuildPhase section */
		2B2A77642974FAA800B5BA9A /* Sources */ = {
			isa = PBXSourcesBuildPhase;
			buildActionMask = 2147483647;
			files = (
				2B2A77732974FAA800B5BA9A /* ViewController.m in Sources */,
				2B2A776D2974FAA800B5BA9A /* AppDelegate.m in Sources */,
				2B2A77702974FAA800B5BA9A /* SceneDelegate.m in Sources */,
				2B2A777E2974FAAA00B5BA9A /* main.m in Sources */,
				2B2A77872974FB0600B5BA9A /* NSObject+FRRuntimeAdditions.m in Sources */,
				2B2A778A2974FB2600B5BA9A /* UIButton+Edge.m in Sources */,
				2B2A778D2974FB3800B5BA9A /* UIView+Edge.m in Sources */,
			);
			runOnlyForDeploymentPostprocessing = 0;
		};
/* End PBXSourcesBuildPhase section */

/* Begin PBXVariantGroup section */
		2B2A77742974FAA800B5BA9A /* Main.storyboard */ = {
			isa = PBXVariantGroup;
			children = (
				2B2A77752974FAA800B5BA9A /* Base */,
			);
			name = Main.storyboard;
			sourceTree = "<group>";
		};
		2B2A77792974FAAA00B5BA9A /* LaunchScreen.storyboard */ = {
			isa = PBXVariantGroup;
			children = (
				2B2A777A2974FAAA00B5BA9A /* Base */,
			);
			name = LaunchScreen.storyboard;
			sourceTree = "<group>";
		};
/* End PBXVariantGroup section */

/* Begin XCBuildConfiguration section */
		2B2A777F2974FAAA00B5BA9A /* Debug */ = {
			isa = XCBuildConfiguration;
			buildSettings = {
				ALWAYS_SEARCH_USER_PATHS = NO;
				CLANG_ANALYZER_NONNULL = YES;
				CLANG_ANALYZER_NUMBER_OBJECT_CONVERSION = YES_AGGRESSIVE;
				CLANG_CXX_LANGUAGE_STANDARD = "gnu++20";
				CLANG_ENABLE_MODULES = YES;
				CLANG_ENABLE_OBJC_ARC = YES;
				CLANG_ENABLE_OBJC_WEAK = YES;
				CLANG_WARN_BLOCK_CAPTURE_AUTORELEASING = YES;
				CLANG_WARN_BOOL_CONVERSION = YES;
				CLANG_WARN_COMMA = YES;
				CLANG_WARN_CONSTANT_CONVERSION = YES;
				CLANG_WARN_DEPRECATED_OBJC_IMPLEMENTATIONS = YES;
				CLANG_WARN_DIRECT_OBJC_ISA_USAGE = YES_ERROR;
				CLANG_WARN_DOCUMENTATION_COMMENTS = YES;
				CLANG_WARN_EMPTY_BODY = YES;
				CLANG_WARN_ENUM_CONVERSION = YES;
				CLANG_WARN_INFINITE_RECURSION = YES;
				CLANG_WARN_INT_CONVERSION = YES;
				CLANG_WARN_NON_LITERAL_NULL_CONVERSION = YES;
				CLANG_WARN_OBJC_IMPLICIT_RETAIN_SELF = YES;
				CLANG_WARN_OBJC_LITERAL_CONVERSION = YES;
				CLANG_WARN_OBJC_ROOT_CLASS = YES_ERROR;
				CLANG_WARN_QUOTED_INCLUDE_IN_FRAMEWORK_HEADER = YES;
				CLANG_WARN_RANGE_LOOP_ANALYSIS = YES;
				CLANG_WARN_STRICT_PROTOTYPES = YES;
				CLANG_WARN_SUSPICIOUS_MOVE = YES;
				CLANG_WARN_UNGUARDED_AVAILABILITY = YES_AGGRESSIVE;
				CLANG_WARN_UNREACHABLE_CODE = YES;
				CLANG_WARN__DUPLICATE_METHOD_MATCH = YES;
				COPY_PHASE_STRIP = NO;
				DEBUG_INFORMATION_FORMAT = dwarf;
				ENABLE_STRICT_OBJC_MSGSEND = YES;
				ENABLE_TESTABILITY = YES;
				GCC_C_LANGUAGE_STANDARD = gnu11;
				GCC_DYNAMIC_NO_PIC = NO;
				GCC_NO_COMMON_BLOCKS = YES;
				GCC_OPTIMIZATION_LEVEL = 0;
				GCC_PREPROCESSOR_DEFINITIONS = (
					"DEBUG=1",
					"$(inherited)",
				);
				GCC_WARN_64_TO_32_BIT_CONVERSION = YES;
				GCC_WARN_ABOUT_RETURN_TYPE = YES_ERROR;
				GCC_WARN_UNDECLARED_SELECTOR = YES;
				GCC_WARN_UNINITIALIZED_AUTOS = YES_AGGRESSIVE;
				GCC_WARN_UNUSED_FUNCTION = YES;
				GCC_WARN_UNUSED_VARIABLE = YES;
				IPHONEOS_DEPLOYMENT_TARGET = 16.2;
				MTL_ENABLE_DEBUG_INFO = INCLUDE_SOURCE;
				MTL_FAST_MATH = YES;
				ONLY_ACTIVE_ARCH = YES;
				SDKROOT = iphoneos;
			};
			name = Debug;
		};
		2B2A77802974FAAA00B5BA9A /* Release */ = {
			isa = XCBuildConfiguration;
			buildSettings = {
				ALWAYS_SEARCH_USER_PATHS = NO;
				CLANG_ANALYZER_NONNULL = YES;
				CLANG_ANALYZER_NUMBER_OBJECT_CONVERSION = YES_AGGRESSIVE;
				CLANG_CXX_LANGUAGE_STANDARD = "gnu++20";
				CLANG_ENABLE_MODULES = YES;
				CLANG_ENABLE_OBJC_ARC = YES;
				CLANG_ENABLE_OBJC_WEAK = YES;
				CLANG_WARN_BLOCK_CAPTURE_AUTORELEASING = YES;
				CLANG_WARN_BOOL_CONVERSION = YES;
				CLANG_WARN_COMMA = YES;
				CLANG_WARN_CONSTANT_CONVERSION = YES;
				CLANG_WARN_DEPRECATED_OBJC_IMPLEMENTATIONS = YES;
				CLANG_WARN_DIRECT_OBJC_ISA_USAGE = YES_ERROR;
				CLANG_WARN_DOCUMENTATION_COMMENTS = YES;
				CLANG_WARN_EMPTY_BODY = YES;
				CLANG_WARN_ENUM_CONVERSION = YES;
				CLANG_WARN_INFINITE_RECURSION = YES;
				CLANG_WARN_INT_CONVERSION = YES;
				CLANG_WARN_NON_LITERAL_NULL_CONVERSION = YES;
				CLANG_WARN_OBJC_IMPLICIT_RETAIN_SELF = YES;
				CLANG_WARN_OBJC_LITERAL_CONVERSION = YES;
				CLANG_WARN_OBJC_ROOT_CLASS = YES_ERROR;
				CLANG_WARN_QUOTED_INCLUDE_IN_FRAMEWORK_HEADER = YES;
				CLANG_WARN_RANGE_LOOP_ANALYSIS = YES;
				CLANG_WARN_STRICT_PROTOTYPES = YES;
				CLANG_WARN_SUSPICIOUS_MOVE = YES;
				CLANG_WARN_UNGUARDED_AVAILABILITY = YES_AGGRESSIVE;
				CLANG_WARN_UNREACHABLE_CODE = YES;
				CLANG_WARN__DUPLICATE_METHOD_MATCH = YES;
				COPY_PHASE_STRIP = NO;
				DEBUG_INFORMATION_FORMAT = "dwarf-with-dsym";
				ENABLE_NS_ASSERTIONS = NO;
				ENABLE_STRICT_OBJC_MSGSEND = YES;
				GCC_C_LANGUAGE_STANDARD = gnu11;
				GCC_NO_COMMON_BLOCKS = YES;
				GCC_WARN_64_TO_32_BIT_CONVERSION = YES;
				GCC_WARN_ABOUT_RETURN_TYPE = YES_ERROR;
				GCC_WARN_UNDECLARED_SELECTOR = YES;
				GCC_WARN_UNINITIALIZED_AUTOS = YES_AGGRESSIVE;
				GCC_WARN_UNUSED_FUNCTION = YES;
				GCC_WARN_UNUSED_VARIABLE = YES;
				IPHONEOS_DEPLOYMENT_TARGET = 16.2;
				MTL_ENABLE_DEBUG_INFO = NO;
				MTL_FAST_MATH = YES;
				SDKROOT = iphoneos;
				VALIDATE_PRODUCT = YES;
			};
			name = Release;
		};
		2B2A77822974FAAA00B5BA9A /* Debug */ = {
			isa = XCBuildConfiguration;
			buildSettings = {
				ASSETCATALOG_COMPILER_APPICON_NAME = AppIcon;
				ASSETCATALOG_COMPILER_GLOBAL_ACCENT_COLOR_NAME = AccentColor;
				CODE_SIGN_STYLE = Automatic;
				CURRENT_PROJECT_VERSION = 1;
				GENERATE_INFOPLIST_FILE = YES;
				INFOPLIST_FILE = SwizzleDemo/Info.plist;
				INFOPLIST_KEY_UIApplicationSupportsIndirectInputEvents = YES;
				INFOPLIST_KEY_UILaunchStoryboardName = LaunchScreen;
				INFOPLIST_KEY_UIMainStoryboardFile = Main;
				INFOPLIST_KEY_UISupportedInterfaceOrientations_iPad = "UIInterfaceOrientationPortrait UIInterfaceOrientationPortraitUpsideDown UIInterfaceOrientationLandscapeLeft UIInterfaceOrientationLandscapeRight";
				INFOPLIST_KEY_UISupportedInterfaceOrientations_iPhone = "UIInterfaceOrientationPortrait UIInterfaceOrientationLandscapeLeft UIInterfaceOrientationLandscapeRight";
				LD_RUNPATH_SEARCH_PATHS = (
					"$(inherited)",
					"@executable_path/Frameworks",
				);
				MARKETING_VERSION = 1.0;
				PRODUCT_BUNDLE_IDENTIFIER = com.yzk.SwizzleDemo;
				PRODUCT_NAME = "$(TARGET_NAME)";
				SWIFT_EMIT_LOC_STRINGS = YES;
				TARGETED_DEVICE_FAMILY = "1,2";
			};
			name = Debug;
		};
		2B2A77832974FAAA00B5BA9A /* Release */ = {
			isa = XCBuildConfiguration;
			buildSettings = {
				ASSETCATALOG_COMPILER_APPICON_NAME = AppIcon;
				ASSETCATALOG_COMPILER_GLOBAL_ACCENT_COLOR_NAME = AccentColor;
				CODE_SIGN_STYLE = Automatic;
				CURRENT_PROJECT_VERSION = 1;
				GENERATE_INFOPLIST_FILE = YES;
				INFOPLIST_FILE = SwizzleDemo/Info.plist;
				INFOPLIST_KEY_UIApplicationSupportsIndirectInputEvents = YES;
				INFOPLIST_KEY_UILaunchStoryboardName = LaunchScreen;
				INFOPLIST_KEY_UIMainStoryboardFile = Main;
				INFOPLIST_KEY_UISupportedInterfaceOrientations_iPad = "UIInterfaceOrientationPortrait UIInterfaceOrientationPortraitUpsideDown UIInterfaceOrientationLandscapeLeft UIInterfaceOrientationLandscapeRight";
				INFOPLIST_KEY_UISupportedInterfaceOrientations_iPhone = "UIInterfaceOrientationPortrait UIInterfaceOrientationLandscapeLeft UIInterfaceOrientationLandscapeRight";
				LD_RUNPATH_SEARCH_PATHS = (
					"$(inherited)",
					"@executable_path/Frameworks",
				);
				MARKETING_VERSION = 1.0;
				PRODUCT_BUNDLE_IDENTIFIER = com.yzk.SwizzleDemo;
				PRODUCT_NAME = "$(TARGET_NAME)";
				SWIFT_EMIT_LOC_STRINGS = YES;
				TARGETED_DEVICE_FAMILY = "1,2";
			};
			name = Release;
		};
/* End XCBuildConfiguration section */

/* Begin XCConfigurationList section */
		2B2A77632974FAA800B5BA9A /* Build configuration list for PBXProject "SwizzleDemo" */ = {
			isa = XCConfigurationList;
			buildConfigurations = (
				2B2A777F2974FAAA00B5BA9A /* Debug */,
				2B2A77802974FAAA00B5BA9A /* Release */,
			);
			defaultConfigurationIsVisible = 0;
			defaultConfigurationName = Release;
		};
		2B2A77812974FAAA00B5BA9A /* Build configuration list for PBXNativeTarget "SwizzleDemo" */ = {
			isa = XCConfigurationList;
			buildConfigurations = (
				2B2A77822974FAAA00B5BA9A /* Debug */,
				2B2A77832974FAAA00B5BA9A /* Release */,
			);
			defaultConfigurationIsVisible = 0;
			defaultConfigurationName = Release;
		};
/* End XCConfigurationList section */
	};
	rootObject = 2B2A77602974FAA800B5BA9A /* Project object */;
}
